
Microsoft Visual Studio Solution File, Format Version 12.00
# Visual Studio Version 16
VisualStudioVersion = 16.0.28729.10
MinimumVisualStudioVersion = 10.0.40219.1
Project("{FAE04EC0-301F-11D3-BF4B-00C04F79EFBC}") = "CafeProject", "CafeProject.csproj", "{63523EDA-34D5-4F31-99DF-B12C1F7E6638}"
EndProject
Global
	GlobalSection(SolutionConfigurationPlatforms) = preSolution
		Debug|Any CPU = Debug|Any CPU
		Release|Any CPU = Release|Any CPU
	EndGlobalSection
	GlobalSection(ProjectConfigurationPlatforms) = postSolution
		{63523EDA-34D5-4F31-99DF-B12C1F7E6638}.Debug|Any CPU.ActiveCfg = Debug|Any CPU
		{63523EDA-34D5-4F31-99DF-B12C1F7E6638}.Debug|Any CPU.Build.0 = Debug|Any CPU
		{63523EDA-34D5-4F31-99DF-B12C1F7E6638}.Release|Any CPU.ActiveCfg = Release|Any CPU
		{63523EDA-34D5-4F31-99DF-B12C1F7E6638}.Release|Any CPU.Build.0 = Release|Any CPU
	EndGlobalSection
	GlobalSection(SolutionProperties) = preSolution
		HideSolutionNode = FALSE
	EndGlobalSection
	GlobalSection(ExtensibilityGlobals) = postSolution
		SolutionGuid = {3764978F-8ECC-477B-B4A4-99ADE9723AB1}
	EndGlobalSection
EndGlobal
